{
    "_readme": [
        "This file locks the dependencies of your project to a known state",
        "Read more about it at https://getcomposer.org/doc/01-basic-usage.md#installing-dependencies",
        "This file is @generated automatically"
    ],
    "content-hash": "f70296d5ca411d8ea2e9c6ee37b19939",
    "packages": [
        {
            "name": "swiftmailer/swiftmailer",
            "version": "5.x-dev",
            "source": {
                "type": "git",
                "url": "https://github.com/swiftmailer/swiftmailer.git",
                "reference": "181b89f18a90f8925ef805f950d47a7190e9b950"
            },
            "dist": {
                "type": "zip",
                "url": "https://api.github.com/repos/swiftmailer/swiftmailer/zipball/181b89f18a90f8925ef805f950d47a7190e9b950",
                "reference": "181b89f18a90f8925ef805f950d47a7190e9b950",
                "shasum": ""
            },
            "require": {
                "php": ">=5.3.3"
            },
            "require-dev": {
                "mockery/mockery": "~0.9.1",
                "symfony/phpunit-bridge": "~3.2"
            },
            "type": "library",
            "extra": {
                "branch-alias": {
                    "dev-master": "5.4-dev"
                }
            },
            "autoload": {
                "files": [
                    "lib/swift_required.php"
                ]
            },
            "notification-url": "https://packagist.org/downloads/",
            "license": [
                "MIT"
            ],
            "authors": [
                {
                    "name": "Chris Corbyn"
                },
                {
                    "name": "Fabien Potencier",
                    "email": "fabien@symfony.com"
                }
            ],
            "description": "Swiftmailer, free feature-rich PHP mailer",
            "homepage": "https://swiftmailer.symfony.com",
            "keywords": [
                "email",
                "mail",
                "mailer"
            ],
            "time": "2018-07-31T09:26:32+00:00"
        },
        {
            "name": "topthink/framework",
            "version": "5.1.x-dev",
            "source": {
                "type": "git",
                "url": "https://github.com/top-think/framework.git",
                "reference": "7fddc3253761e78cd966db18d118c5195a85123c"
            },
            "dist": {
                "type": "zip",
                "url": "https://api.github.com/repos/top-think/framework/zipball/7fddc3253761e78cd966db18d118c5195a85123c",
                "reference": "7fddc3253761e78cd966db18d118c5195a85123c",
                "shasum": ""
            },
            "require": {
                "php": ">=5.6.0",
                "topthink/think-installer": "2.*"
            },
            "require-dev": {
                "johnkary/phpunit-speedtrap": "^1.0",
                "mikey179/vfsstream": "~1.6",
                "phpdocumentor/reflection-docblock": "^2.0",
                "phploc/phploc": "2.*",
                "phpunit/phpunit": "^5.0|^6.0",
                "sebastian/phpcpd": "2.*",
                "squizlabs/php_codesniffer": "2.*"
            },
            "type": "think-framework",
            "notification-url": "https://packagist.org/downloads/",
            "license": [
                "Apache-2.0"
            ],
            "authors": [
                {
                    "name": "liu21st",
                    "email": "liu21st@gmail.com"
                },
                {
                    "name": "yunwuxin",
                    "email": "448901948@qq.com"
                }
            ],
            "description": "the new thinkphp framework",
            "homepage": "http://thinkphp.cn/",
            "keywords": [
                "framework",
                "orm",
                "thinkphp"
            ],
            "time": "2019-05-10T08:06:39+00:00"
        },
        {
            "name": "topthink/think-image",
            "version": "dev-master",
            "source": {
                "type": "git",
                "url": "https://github.com/top-think/think-image.git",
                "reference": "87c2946a0e0f45cc438462415ced38a0799847ef"
            },
            "dist": {
                "type": "zip",
                "url": "https://api.github.com/repos/top-think/think-image/zipball/87c2946a0e0f45cc438462415ced38a0799847ef",
                "reference": "87c2946a0e0f45cc438462415ced38a0799847ef",
                "shasum": ""
            },
            "require": {
                "ext-gd": "*"
            },
            "require-dev": {
                "phpunit/phpunit": "4.8.*",
                "topthink/framework": "^5.0"
            },
            "type": "library",
            "autoload": {
                "psr-4": {
                    "think\\": "src"
                }
            },
            "notification-url": "https://packagist.org/downloads/",
            "license": [
                "Apache-2.0"
            ],
            "authors": [
                {
                    "name": "yunwuxin",
                    "email": "448901948@qq.com"
                }
            ],
            "description": "The ThinkPHP5 Image Package",
            "time": "2017-12-18T03:09:47+00:00"
        },
        {
            "name": "topthink/think-installer",
            "version": "2.0.x-dev",
            "source": {
                "type": "git",
                "url": "https://github.com/top-think/think-installer.git",
                "reference": "f5400a12c60e513911aef41fe443fa6920952675"
            },
            "dist": {
                "type": "zip",
                "url": "https://api.github.com/repos/top-think/think-installer/zipball/f5400a12c60e513911aef41fe443fa6920952675",
                "reference": "f5400a12c60e513911aef41fe443fa6920952675",
                "shasum": ""
            },
            "require": {
                "composer-plugin-api": "^1.0"
            },
            "require-dev": {
                "composer/composer": "1.0.*@dev"
            },
            "type": "composer-plugin",
            "extra": {
                "class": "think\\composer\\Plugin"
            },
            "autoload": {
                "psr-4": {
                    "think\\composer\\": "src"
                }
            },
            "notification-url": "https://packagist.org/downloads/",
            "license": [
                "Apache-2.0"
            ],
            "authors": [
                {
                    "name": "yunwuxin",
                    "email": "448901948@qq.com"
                }
            ],
            "time": "2018-05-11T06:45:42+00:00"
        },
        {
            "name": "yuan1994/tp-mailer",
            "version": "dev-master",
            "source": {
                "type": "git",
                "url": "https://github.com/yuan1994/tp-mailer.git",
                "reference": "7fe9b64d69be67a325a2708368b99edf44d17981"
            },
            "dist": {
                "type": "zip",
                "url": "https://api.github.com/repos/yuan1994/tp-mailer/zipball/7fe9b64d69be67a325a2708368b99edf44d17981",
                "reference": "7fe9b64d69be67a325a2708368b99edf44d17981",
                "shasum": ""
            },
            "require": {
                "php": ">=5.4.0",
                "swiftmailer/swiftmailer": "^5.4"
            },
            "type": "library",
            "autoload": {
                "psr-4": {
                    "mailer\\": "src/mailer"
                }
            },
            "notification-url": "https://packagist.org/downloads/",
            "license": [
                "Apache 2.0"
            ],
            "authors": [
                {
                    "name": "yuan1994",
                    "email": "tianpian0805@gmail.com",
                    "homepage": "https://github.com/yuan1994/tp-mailer/",
                    "role": "Owner"
                }
            ],
            "description": "A powerful and beautiful php mailer for All of ThinkPHP and Other PHP Frameworks based SwiftMailer",
            "homepage": "https://github.com/yuan1994/tp-mailer/",
            "keywords": [
                "mail",
                "mailer",
                "phpmailer",
                "swiftmailer",
                "thinkphp",
                "tp",
                "tp-mailer",
                "tp5-mailer"
            ],
            "time": "2016-12-10T11:54:45+00:00"
        }
    ],
    "packages-dev": [],
    "aliases": [],
    "minimum-stability": "dev",
    "stability-flags": {
        "yuan1994/tp-mailer": 20,
        "topthink/think-image": 20
    },
    "prefer-stable": false,
    "prefer-lowest": false,
    "platform": {
        "php": ">=5.6"
    },
    "platform-dev": []
}
